
Microsoft Visual Studio Solution File, Format Version 11.00
# Visual Studio 2010
Project("{FAE04EC0-301F-11D3-BF4B-00C04F79EFBC}") = "Assembly-CSharp", "Assembly-CSharp.csproj", "{9CC521DA-EF7F-D420-EE8F-0E31D93E9405}"
EndProject
Project("{FAE04EC0-301F-11D3-BF4B-00C04F79EFBC}") = "Assembly-CSharp-Editor", "Assembly-CSharp-Editor.csproj", "{BD1C20AE-E4BD-A327-5608-4436E199063E}"
EndProject
Global
	GlobalSection(SolutionConfigurationPlatforms) = preSolution
		Debug|Any CPU = Debug|Any CPU
		Release|Any CPU = Release|Any CPU
	EndGlobalSection
	GlobalSection(ProjectConfigurationPlatforms) = postSolution
		{9CC521DA-EF7F-D420-EE8F-0E31D93E9405}.Debug|Any CPU.ActiveCfg = Debug|Any CPU
		{9CC521DA-EF7F-D420-EE8F-0E31D93E9405}.Debug|Any CPU.Build.0 = Debug|Any CPU
		{9CC521DA-EF7F-D420-EE8F-0E31D93E9405}.Release|Any CPU.ActiveCfg = Release|Any CPU
		{9CC521DA-EF7F-D420-EE8F-0E31D93E9405}.Release|Any CPU.Build.0 = Release|Any CPU
		{BD1C20AE-E4BD-A327-5608-4436E199063E}.Debug|Any CPU.ActiveCfg = Debug|Any CPU
		{BD1C20AE-E4BD-A327-5608-4436E199063E}.Debug|Any CPU.Build.0 = Debug|Any CPU
		{BD1C20AE-E4BD-A327-5608-4436E199063E}.Release|Any CPU.ActiveCfg = Release|Any CPU
		{BD1C20AE-E4BD-A327-5608-4436E199063E}.Release|Any CPU.Build.0 = Release|Any CPU
	EndGlobalSection
	GlobalSection(SolutionProperties) = preSolution
		HideSolutionNode = FALSE
	EndGlobalSection
	GlobalSection(MonoDevelopProperties) = preSolution
		StartupItem = Assembly-CSharp.csproj
	EndGlobalSection
EndGlobal
